
Microsoft Visual Studio Solution File, Format Version 12.00
# Visual Studio Version 17
VisualStudioVersion = 17.6.33723.286
MinimumVisualStudioVersion = 10.0.40219.1
Project("{9A19103F-16F7-4668-BE54-9A1E7A4F7556}") = "Assesment", "Assesment\Assesment.csproj", "{0ABD1B0B-2B11-486D-9E48-70F897E2E570}"
EndProject
Project("{9A19103F-16F7-4668-BE54-9A1E7A4F7556}") = "Application", "Application\Application.csproj", "{E619452F-4C32-40D2-A1D8-4763E7780C97}"
EndProject
Project("{9A19103F-16F7-4668-BE54-9A1E7A4F7556}") = "Domain", "Domain\Domain.csproj", "{CD3D6A6C-1383-4C37-A9A3-F34F4F34D5F3}"
EndProject
Project("{9A19103F-16F7-4668-BE54-9A1E7A4F7556}") = "Infrastructure", "Infrastructure\Infrastructure.csproj", "{87EE476D-3425-47BF-AFA2-DE2EAA2AF078}"
EndProject
Project("{9A19103F-16F7-4668-BE54-9A1E7A4F7556}") = "ApplicationTests", "ApplicationTests\ApplicationTests.csproj", "{49EAC54C-F33C-47F8-9AD5-54C9AF226FF3}"
EndProject
Project("{2150E333-8FDC-42A3-9474-1A3956D46DE8}") = "src", "src", "{133C211E-D500-4130-9B70-9DE5E4EECF9D}"
	ProjectSection(SolutionItems) = preProject
		.gitignore = .gitignore
	EndProjectSection
EndProject
Project("{2150E333-8FDC-42A3-9474-1A3956D46DE8}") = "Presentation", "Presentation", "{3485A5B8-5BC3-4C1C-9FB4-141DB241841F}"
EndProject
Project("{2150E333-8FDC-42A3-9474-1A3956D46DE8}") = "ApplicationL", "ApplicationL", "{325E2436-E717-4F5B-B406-8524E28444C3}"
EndProject
Project("{2150E333-8FDC-42A3-9474-1A3956D46DE8}") = "Tests", "Tests", "{EABCBAB5-3429-4A4F-A099-FBEB455433BA}"
EndProject
Project("{2150E333-8FDC-42A3-9474-1A3956D46DE8}") = "DomainL", "DomainL", "{81745500-7B29-4070-A7A0-6BB61364770E}"
EndProject
Project("{2150E333-8FDC-42A3-9474-1A3956D46DE8}") = "InfrastructureL", "InfrastructureL", "{3AEAEF01-853E-484C-BC6B-491FB93E8F62}"
EndProject
Global
	GlobalSection(SolutionConfigurationPlatforms) = preSolution
		Debug|Any CPU = Debug|Any CPU
		Release|Any CPU = Release|Any CPU
	EndGlobalSection
	GlobalSection(ProjectConfigurationPlatforms) = postSolution
		{0ABD1B0B-2B11-486D-9E48-70F897E2E570}.Debug|Any CPU.ActiveCfg = Debug|Any CPU
		{0ABD1B0B-2B11-486D-9E48-70F897E2E570}.Debug|Any CPU.Build.0 = Debug|Any CPU
		{0ABD1B0B-2B11-486D-9E48-70F897E2E570}.Release|Any CPU.ActiveCfg = Release|Any CPU
		{0ABD1B0B-2B11-486D-9E48-70F897E2E570}.Release|Any CPU.Build.0 = Release|Any CPU
		{E619452F-4C32-40D2-A1D8-4763E7780C97}.Debug|Any CPU.ActiveCfg = Debug|Any CPU
		{E619452F-4C32-40D2-A1D8-4763E7780C97}.Debug|Any CPU.Build.0 = Debug|Any CPU
		{E619452F-4C32-40D2-A1D8-4763E7780C97}.Release|Any CPU.ActiveCfg = Release|Any CPU
		{E619452F-4C32-40D2-A1D8-4763E7780C97}.Release|Any CPU.Build.0 = Release|Any CPU
		{CD3D6A6C-1383-4C37-A9A3-F34F4F34D5F3}.Debug|Any CPU.ActiveCfg = Debug|Any CPU
		{CD3D6A6C-1383-4C37-A9A3-F34F4F34D5F3}.Debug|Any CPU.Build.0 = Debug|Any CPU
		{CD3D6A6C-1383-4C37-A9A3-F34F4F34D5F3}.Release|Any CPU.ActiveCfg = Release|Any CPU
		{CD3D6A6C-1383-4C37-A9A3-F34F4F34D5F3}.Release|Any CPU.Build.0 = Release|Any CPU
		{87EE476D-3425-47BF-AFA2-DE2EAA2AF078}.Debug|Any CPU.ActiveCfg = Debug|Any CPU
		{87EE476D-3425-47BF-AFA2-DE2EAA2AF078}.Debug|Any CPU.Build.0 = Debug|Any CPU
		{87EE476D-3425-47BF-AFA2-DE2EAA2AF078}.Release|Any CPU.ActiveCfg = Release|Any CPU
		{87EE476D-3425-47BF-AFA2-DE2EAA2AF078}.Release|Any CPU.Build.0 = Release|Any CPU
		{49EAC54C-F33C-47F8-9AD5-54C9AF226FF3}.Debug|Any CPU.ActiveCfg = Debug|Any CPU
		{49EAC54C-F33C-47F8-9AD5-54C9AF226FF3}.Debug|Any CPU.Build.0 = Debug|Any CPU
		{49EAC54C-F33C-47F8-9AD5-54C9AF226FF3}.Release|Any CPU.ActiveCfg = Release|Any CPU
		{49EAC54C-F33C-47F8-9AD5-54C9AF226FF3}.Release|Any CPU.Build.0 = Release|Any CPU
	EndGlobalSection
	GlobalSection(SolutionProperties) = preSolution
		HideSolutionNode = FALSE
	EndGlobalSection
	GlobalSection(NestedProjects) = preSolution
		{0ABD1B0B-2B11-486D-9E48-70F897E2E570} = {3485A5B8-5BC3-4C1C-9FB4-141DB241841F}
		{E619452F-4C32-40D2-A1D8-4763E7780C97} = {325E2436-E717-4F5B-B406-8524E28444C3}
		{CD3D6A6C-1383-4C37-A9A3-F34F4F34D5F3} = {81745500-7B29-4070-A7A0-6BB61364770E}
		{87EE476D-3425-47BF-AFA2-DE2EAA2AF078} = {3AEAEF01-853E-484C-BC6B-491FB93E8F62}
		{49EAC54C-F33C-47F8-9AD5-54C9AF226FF3} = {EABCBAB5-3429-4A4F-A099-FBEB455433BA}
		{3485A5B8-5BC3-4C1C-9FB4-141DB241841F} = {133C211E-D500-4130-9B70-9DE5E4EECF9D}
		{325E2436-E717-4F5B-B406-8524E28444C3} = {133C211E-D500-4130-9B70-9DE5E4EECF9D}
		{EABCBAB5-3429-4A4F-A099-FBEB455433BA} = {133C211E-D500-4130-9B70-9DE5E4EECF9D}
		{81745500-7B29-4070-A7A0-6BB61364770E} = {133C211E-D500-4130-9B70-9DE5E4EECF9D}
		{3AEAEF01-853E-484C-BC6B-491FB93E8F62} = {133C211E-D500-4130-9B70-9DE5E4EECF9D}
	EndGlobalSection
	GlobalSection(ExtensibilityGlobals) = postSolution
		SolutionGuid = {D8E1A178-B2FE-4E23-994E-C2AB18D80CD7}
	EndGlobalSection
EndGlobal
